<?xml version="1.0" encoding="utf-8"?>
<Project ToolsVersion="4.0" xmlns="http://schemas.microsoft.com/developer/msbuild/2003">
  <ItemGroup>
    <Filter Include="Source Files">
      <UniqueIdentifier>{4FC737F1-C7A5-4376-A066-2A32D752A2FF}</UniqueIdentifier>
      <Extensions>cpp;c;cc;cxx;c++;cppm;ixx;def;odl;idl;hpj;bat;asm;asmx</Extensions>
    </Filter>
    <Filter Include="Header Files">
      <UniqueIdentifier>{93995380-89BD-4b04-88EB-625FBE52EBFB}</UniqueIdentifier>
      <Extensions>h;hh;hpp;hxx;h++;hm;inl;inc;ipp;xsd</Extensions>
    </Filter>
    <Filter Include="Resource Files">
      <UniqueIdentifier>{67DA6AB6-F800-4c08-8B7A-83BB121AAD01}</UniqueIdentifier>
      <Extensions>rc;ico;cur;bmp;dlg;rc2;rct;bin;rgs;gif;jpg;jpeg;jpe;resx;tiff;tif;png;wav;mfcribbon-ms</Extensions>
    </Filter>
    <Filter Include="Shaders">
      <UniqueIdentifier>{e328e06f-f37c-4488-a1fa-c951aae48c40}</UniqueIdentifier>
    </Filter>
    <Filter Include="Imports">
      <UniqueIdentifier>{81022f2d-0649-4dea-9aae-6335c0734a57}</UniqueIdentifier>
    </Filter>
  </ItemGroup>
  <ItemGroup>
    <ClCompile Include="main.cpp">
      <Filter>Source Files</Filter>
    </ClCompile>
    <ClCompile Include="src\glad.c">
      <Filter>Imports</Filter>
    </ClCompile>
    <ClCompile Include="physicsengine.cpp">
      <Filter>Source Files</Filter>
    </ClCompile>
    <ClCompile Include="resourcemanager.cpp">
      <Filter>Source Files</Filter>
    </ClCompile>
    <ClCompile Include="sprite.cpp">
      <Filter>Source Files</Filter>
    </ClCompile>
    <ClCompile Include="transformations.cpp">
      <Filter>Source Files</Filter>
    </ClCompile>
    <ClCompile Include="gameobject.cpp">
      <Filter>Source Files</Filter>
    </ClCompile>
    <ClCompile Include="terrain.cpp">
      <Filter>Source Files</Filter>
    </ClCompile>
    <ClCompile Include="terraingen.cpp">
      <Filter>Source Files</Filter>
    </ClCompile>
    <ClCompile Include="include\OpenSimplexNoise\OpenSimplexNoise.cpp">
      <Filter>Imports</Filter>
    </ClCompile>
    <ClCompile Include="chunk.cpp">
      <Filter>Source Files</Filter>
    </ClCompile>
    <ClCompile Include="camera.cpp">
      <Filter>Source Files</Filter>
    </ClCompile>
    <ClCompile Include="model.cpp">
      <Filter>Source Files</Filter>
    </ClCompile>
  </ItemGroup>
  <ItemGroup>
    <ClInclude Include="gameobject.hpp">
      <Filter>Header Files</Filter>
    </ClInclude>
    <ClInclude Include="macros.hpp">
      <Filter>Header Files</Filter>
    </ClInclude>
    <ClInclude Include="physicsengine.hpp">
      <Filter>Header Files</Filter>
    </ClInclude>
    <ClInclude Include="resourcemanager.hpp">
      <Filter>Header Files</Filter>
    </ClInclude>
    <ClInclude Include="sprite.hpp">
      <Filter>Header Files</Filter>
    </ClInclude>
    <ClInclude Include="terrain.hpp">
      <Filter>Header Files</Filter>
    </ClInclude>
    <ClInclude Include="terraingen.hpp">
      <Filter>Header Files</Filter>
    </ClInclude>
    <ClInclude Include="chunk.hpp">
      <Filter>Header Files</Filter>
    </ClInclude>
    <ClInclude Include="camera.hpp">
      <Filter>Header Files</Filter>
    </ClInclude>
    <ClInclude Include="include\shader.h">
      <Filter>Imports</Filter>
    </ClInclude>
    <ClInclude Include="include\shader_t.h">
      <Filter>Imports</Filter>
    </ClInclude>
    <ClInclude Include="model.hpp">
      <Filter>Header Files</Filter>
    </ClInclude>
  </ItemGroup>
  <ItemGroup>
    <None Include="5.1.transform.frag">
      <Filter>Shaders</Filter>
    </None>
    <None Include="5.1.transform.vert">
      <Filter>Shaders</Filter>
    </None>
    <None Include="3d1st.vert">
      <Filter>Shaders</Filter>
    </None>
    <None Include="terrain.vert">
      <Filter>Shaders</Filter>
    </None>
    <None Include="terrain.frag">
      <Filter>Shaders</Filter>
    </None>
    <None Include="terrain.geom">
      <Filter>Shaders</Filter>
    </None>
    <None Include="terrain.tesc">
      <Filter>Shaders</Filter>
    </None>
    <None Include="terrain.tese">
      <Filter>Shaders</Filter>
    </None>
  </ItemGroup>
</Project>